# This file is autogenerated, do not edit; changes may be undone by the next 'dep ensure'.


[[projects]]
  branch = "master"
  name = "github.com/drhodes/golorem"
  packages = ["."]
  revision = "ecccc744c2d953a1e13cbe5e5fc5d4cbc9b8daeb"

[[projects]]
  name = "github.com/satori/go.uuid"
  packages = ["."]
  revision = "f58768cc1a7a7e77a3bd49e98cdd21419399b6a3"
  version = "v1.2.0"

[solve-meta]
  analyzer-name = "dep"
  analyzer-version = 1
  inputs-digest = "f9b143fb1f31f566da1f0b8efacc8504816fc8840932e51cf068c473956a7162"
  solver-name = "gps-cdcl"
  solver-version = 1
